
Microsoft Visual Studio Solution File, Format Version 12.00
# Visual Studio Version 16
VisualStudioVersion = 16.0.33801.447
MinimumVisualStudioVersion = 10.0.40219.1
Project("{FAE04EC0-301F-11D3-BF4B-00C04F79EFBC}") = "DataAccess", "DataAccess\DataAccess.csproj", "{CB8C46DD-D035-49B9-B3BC-C40EA83805B1}"
EndProject
Project("{FAE04EC0-301F-11D3-BF4B-00C04F79EFBC}") = "Entities", "Entities\Entities.csproj", "{60563F4C-8A4F-44A7-AF85-67EE0DF32A0F}"
EndProject
Project("{FAE04EC0-301F-11D3-BF4B-00C04F79EFBC}") = "WidnowsFormsUI", "WidnowsFormsUI\WidnowsFormsUI.csproj", "{F1E34420-F865-4CE0-8766-CF4BCD849136}"
EndProject
Project("{FAE04EC0-301F-11D3-BF4B-00C04F79EFBC}") = "Business", "Business\Business.csproj", "{42089BCD-D411-4EE9-A241-3997A929B037}"
EndProject
Global
	GlobalSection(SolutionConfigurationPlatforms) = preSolution
		Debug|Any CPU = Debug|Any CPU
		Release|Any CPU = Release|Any CPU
	EndGlobalSection
	GlobalSection(ProjectConfigurationPlatforms) = postSolution
		{CB8C46DD-D035-49B9-B3BC-C40EA83805B1}.Debug|Any CPU.ActiveCfg = Debug|Any CPU
		{CB8C46DD-D035-49B9-B3BC-C40EA83805B1}.Debug|Any CPU.Build.0 = Debug|Any CPU
		{CB8C46DD-D035-49B9-B3BC-C40EA83805B1}.Release|Any CPU.ActiveCfg = Release|Any CPU
		{CB8C46DD-D035-49B9-B3BC-C40EA83805B1}.Release|Any CPU.Build.0 = Release|Any CPU
		{60563F4C-8A4F-44A7-AF85-67EE0DF32A0F}.Debug|Any CPU.ActiveCfg = Debug|Any CPU
		{60563F4C-8A4F-44A7-AF85-67EE0DF32A0F}.Debug|Any CPU.Build.0 = Debug|Any CPU
		{60563F4C-8A4F-44A7-AF85-67EE0DF32A0F}.Release|Any CPU.ActiveCfg = Release|Any CPU
		{60563F4C-8A4F-44A7-AF85-67EE0DF32A0F}.Release|Any CPU.Build.0 = Release|Any CPU
		{F1E34420-F865-4CE0-8766-CF4BCD849136}.Debug|Any CPU.ActiveCfg = Debug|Any CPU
		{F1E34420-F865-4CE0-8766-CF4BCD849136}.Debug|Any CPU.Build.0 = Debug|Any CPU
		{F1E34420-F865-4CE0-8766-CF4BCD849136}.Release|Any CPU.ActiveCfg = Release|Any CPU
		{F1E34420-F865-4CE0-8766-CF4BCD849136}.Release|Any CPU.Build.0 = Release|Any CPU
		{42089BCD-D411-4EE9-A241-3997A929B037}.Debug|Any CPU.ActiveCfg = Debug|Any CPU
		{42089BCD-D411-4EE9-A241-3997A929B037}.Debug|Any CPU.Build.0 = Debug|Any CPU
		{42089BCD-D411-4EE9-A241-3997A929B037}.Release|Any CPU.ActiveCfg = Release|Any CPU
		{42089BCD-D411-4EE9-A241-3997A929B037}.Release|Any CPU.Build.0 = Release|Any CPU
	EndGlobalSection
	GlobalSection(SolutionProperties) = preSolution
		HideSolutionNode = FALSE
	EndGlobalSection
	GlobalSection(ExtensibilityGlobals) = postSolution
		SolutionGuid = {F5B1B723-FE4C-4DE1-BC95-07F72D6D8A36}
	EndGlobalSection
EndGlobal
